// !$*UTF8*$!
{
	archiveVersion = 1;
	classes = {
	};
	objectVersion = 51;
	objects = {

/* Begin PBXBuildFile section */
		7FDB9D87A9D9418671824D8D /* Pods_KuranFihristi_KuranFihristiUITests.framework in Frameworks */ = {isa = PBXBuildFile; fileRef = 196B89EBC8FDBD2E1D074949 /* Pods_KuranFihristi_KuranFihristiUITests.framework */; };
		9F6F04A8F7AB553B21EDC15F /* Pods_KuranFihristiTests.framework in Frameworks */ = {isa = PBXBuildFile; fileRef = 179C91EB4EAE9ECFAC1C9680 /* Pods_KuranFihristiTests.framework */; };
		B49A435B60EE6A06BFBF205B /* Pods_KuranFihristi.framework in Frameworks */ = {isa = PBXBuildFile; fileRef = 6F09E22C6521E22266B6D447 /* Pods_KuranFihristi.framework */; };
		EF025589245F282B0031D190 /* BottomItem.swift in Sources */ = {isa = PBXBuildFile; fileRef = EF025588245F282B0031D190 /* BottomItem.swift */; };
		EF0F577D245F1C4D0042AEB2 /* BottomViewCell.swift in Sources */ = {isa = PBXBuildFile; fileRef = EF0F577C245F1C4D0042AEB2 /* BottomViewCell.swift */; };
		EF1976C32460C092007F1462 /* Functions.swift in Sources */ = {isa = PBXBuildFile; fileRef = EF1976C22460C092007F1462 /* Functions.swift */; };
		EF1AC0D22461DE08004941C2 /* ItemViewCell.swift in Sources */ = {isa = PBXBuildFile; fileRef = EF1AC0D12461DE08004941C2 /* ItemViewCell.swift */; };
		EF1AC0D62461DE4F004941C2 /* VerseByViewCell.swift in Sources */ = {isa = PBXBuildFile; fileRef = EF1AC0D52461DE4F004941C2 /* VerseByViewCell.swift */; };
		EF1AC0D92461DEC7004941C2 /* ItemDetailViewCell.swift in Sources */ = {isa = PBXBuildFile; fileRef = EF1AC0D82461DEC7004941C2 /* ItemDetailViewCell.swift */; };
		EF583ED4246848470095A490 /* Reminder.swift in Sources */ = {isa = PBXBuildFile; fileRef = EF583ED3246848470095A490 /* Reminder.swift */; };
		EF583ED624684BD20095A490 /* AddReminderViewCell.swift in Sources */ = {isa = PBXBuildFile; fileRef = EF583ED524684BD20095A490 /* AddReminderViewCell.swift */; };
		EF6B5CC82464A01A00B1D3BB /* SettingItem.swift in Sources */ = {isa = PBXBuildFile; fileRef = EF6B5CC72464A01A00B1D3BB /* SettingItem.swift */; };
		EF7539C12465F838001853FE /* Option.swift in Sources */ = {isa = PBXBuildFile; fileRef = EF7539C02465F837001853FE /* Option.swift */; };
		EF7539C724660C3D001853FE /* Localizable.strings in Resources */ = {isa = PBXBuildFile; fileRef = EF7539C924660C3D001853FE /* Localizable.strings */; };
		EF8376AA245F689300335185 /* VerseDetailViewCell.swift in Sources */ = {isa = PBXBuildFile; fileRef = EF8376A9245F689300335185 /* VerseDetailViewCell.swift */; };
		EFB5ADF6245EACB100BCDF61 /* SearchFullViewCell.swift in Sources */ = {isa = PBXBuildFile; fileRef = EFB5ADF5245EACB100BCDF61 /* SearchFullViewCell.swift */; };
		EFBAC3892462B83200D54B2E /* ReminderViewCell.swift in Sources */ = {isa = PBXBuildFile; fileRef = EFBAC3882462B83200D54B2E /* ReminderViewCell.swift */; };
		EFBAC38B2462B85600D54B2E /* ReminderViewController.swift in Sources */ = {isa = PBXBuildFile; fileRef = EFBAC38A2462B85600D54B2E /* ReminderViewController.swift */; };
		EFBAC38D2462BADD00D54B2E /* OtherViewCell.swift in Sources */ = {isa = PBXBuildFile; fileRef = EFBAC38C2462BADD00D54B2E /* OtherViewCell.swift */; };
		EFBAC38F2462D9B500D54B2E /* OtherCell.swift in Sources */ = {isa = PBXBuildFile; fileRef = EFBAC38E2462D9B500D54B2E /* OtherCell.swift */; };
		EFCEA7FA245DC26D00B971B0 /* CustomSearchController.swift in Sources */ = {isa = PBXBuildFile; fileRef = EFCEA7F9245DC26D00B971B0 /* CustomSearchController.swift */; };
		EFCEA7FC245DC28900B971B0 /* CustomSearchBar.swift in Sources */ = {isa = PBXBuildFile; fileRef = EFCEA7FB245DC28900B971B0 /* CustomSearchBar.swift */; };
		EFCF783E245C793A00E32BFD /* AppDelegate.swift in Sources */ = {isa = PBXBuildFile; fileRef = EFCF783D245C793A00E32BFD /* AppDelegate.swift */; };
		EFCF7840245C793A00E32BFD /* SceneDelegate.swift in Sources */ = {isa = PBXBuildFile; fileRef = EFCF783F245C793A00E32BFD /* SceneDelegate.swift */; };
		EFCF7847245C793A00E32BFD /* Main.storyboard in Resources */ = {isa = PBXBuildFile; fileRef = EFCF7845245C793A00E32BFD /* Main.storyboard */; };
		EFCF784A245C793A00E32BFD /* KuranFihristi.xcdatamodeld in Sources */ = {isa = PBXBuildFile; fileRef = EFCF7848245C793A00E32BFD /* KuranFihristi.xcdatamodeld */; };
		EFCF784C245C793C00E32BFD /* Assets.xcassets in Resources */ = {isa = PBXBuildFile; fileRef = EFCF784B245C793C00E32BFD /* Assets.xcassets */; };
		EFCF784F245C793C00E32BFD /* LaunchScreen.storyboard in Resources */ = {isa = PBXBuildFile; fileRef = EFCF784D245C793C00E32BFD /* LaunchScreen.storyboard */; };
		EFCF785A245C793D00E32BFD /* KuranFihristiTests.swift in Sources */ = {isa = PBXBuildFile; fileRef = EFCF7859245C793D00E32BFD /* KuranFihristiTests.swift */; };
		EFCF7865245C793D00E32BFD /* KuranFihristiUITests.swift in Sources */ = {isa = PBXBuildFile; fileRef = EFCF7864245C793D00E32BFD /* KuranFihristiUITests.swift */; };
		EFCF7873245C860400E32BFD /* ChapterViewController.swift in Sources */ = {isa = PBXBuildFile; fileRef = EFCF7872245C860400E32BFD /* ChapterViewController.swift */; };
		EFCF7875245C863600E32BFD /* LetterViewController.swift in Sources */ = {isa = PBXBuildFile; fileRef = EFCF7874245C863600E32BFD /* LetterViewController.swift */; };
		EFCF7877245C879A00E32BFD /* VerseViewController.swift in Sources */ = {isa = PBXBuildFile; fileRef = EFCF7876245C879A00E32BFD /* VerseViewController.swift */; };
		EFCF7879245C87C600E32BFD /* VerseByWordViewController.swift in Sources */ = {isa = PBXBuildFile; fileRef = EFCF7878245C87C600E32BFD /* VerseByWordViewController.swift */; };
		EFCF787B245C88E400E32BFD /* WordViewController.swift in Sources */ = {isa = PBXBuildFile; fileRef = EFCF787A245C88E400E32BFD /* WordViewController.swift */; };
		EFCF787D245C897000E32BFD /* VerseDetailViewController.swift in Sources */ = {isa = PBXBuildFile; fileRef = EFCF787C245C897000E32BFD /* VerseDetailViewController.swift */; };
		EFCF7881245C89D800E32BFD /* PhraseViewController.swift in Sources */ = {isa = PBXBuildFile; fileRef = EFCF7880245C89D800E32BFD /* PhraseViewController.swift */; };
		EFCF7883245C8A7200E32BFD /* TopicViewController.swift in Sources */ = {isa = PBXBuildFile; fileRef = EFCF7882245C8A7200E32BFD /* TopicViewController.swift */; };
		EFCF7885245C8A8700E32BFD /* VerseByTopicViewController.swift in Sources */ = {isa = PBXBuildFile; fileRef = EFCF7884245C8A8700E32BFD /* VerseByTopicViewController.swift */; };
		EFCF7888245C8E8D00E32BFD /* NameViewController.swift in Sources */ = {isa = PBXBuildFile; fileRef = EFCF7887245C8E8D00E32BFD /* NameViewController.swift */; };
		EFCF788A245C8EA400E32BFD /* NameDetailViewController.swift in Sources */ = {isa = PBXBuildFile; fileRef = EFCF7889245C8EA400E32BFD /* NameDetailViewController.swift */; };
		EFCF788D245C8EDB00E32BFD /* OtherViewController.swift in Sources */ = {isa = PBXBuildFile; fileRef = EFCF788C245C8EDB00E32BFD /* OtherViewController.swift */; };
		EFCF788F245C8EF900E32BFD /* PinViewController.swift in Sources */ = {isa = PBXBuildFile; fileRef = EFCF788E245C8EF900E32BFD /* PinViewController.swift */; };
		EFCF7891245C8F1000E32BFD /* SearchViewController.swift in Sources */ = {isa = PBXBuildFile; fileRef = EFCF7890245C8F1000E32BFD /* SearchViewController.swift */; };
		EFCF7893245C8F1E00E32BFD /* SettingViewController.swift in Sources */ = {isa = PBXBuildFile; fileRef = EFCF7892245C8F1E00E32BFD /* SettingViewController.swift */; };
		EFCF789A245C959800E32BFD /* VerseViewCell.swift in Sources */ = {isa = PBXBuildFile; fileRef = EFCF7899245C959800E32BFD /* VerseViewCell.swift */; };
		EFCF78B0245C96CF00E32BFD /* SettingViewCell.swift in Sources */ = {isa = PBXBuildFile; fileRef = EFCF78AF245C96CF00E32BFD /* SettingViewCell.swift */; };
		EFCF78B2245C989100E32BFD /* AppTabBarViewController.swift in Sources */ = {isa = PBXBuildFile; fileRef = EFCF78B1245C989100E32BFD /* AppTabBarViewController.swift */; };
		EFCF78B4245C997F00E32BFD /* libsqlite3.tbd in Frameworks */ = {isa = PBXBuildFile; fileRef = EFCF78B3245C997F00E32BFD /* libsqlite3.tbd */; };
		EFCF78B6245C9CC500E32BFD /* databases in Resources */ = {isa = PBXBuildFile; fileRef = EFCF78B5245C9CC500E32BFD /* databases */; };
		EFCF78B9245C9EEF00E32BFD /* Chapter.swift in Sources */ = {isa = PBXBuildFile; fileRef = EFCF78B8245C9EEF00E32BFD /* Chapter.swift */; };
		EFCF78BB245CA00A00E32BFD /* DataBase.swift in Sources */ = {isa = PBXBuildFile; fileRef = EFCF78BA245CA00A00E32BFD /* DataBase.swift */; };
		EFD4DFAD245D454400FA5EF4 /* Verse.swift in Sources */ = {isa = PBXBuildFile; fileRef = EFD4DFAC245D454400FA5EF4 /* Verse.swift */; };
		EFD4DFB0245D4D3C00FA5EF4 /* Letter.swift in Sources */ = {isa = PBXBuildFile; fileRef = EFD4DFAF245D4D3C00FA5EF4 /* Letter.swift */; };
		EFD4DFB2245D63FD00FA5EF4 /* Word.swift in Sources */ = {isa = PBXBuildFile; fileRef = EFD4DFB1245D63FD00FA5EF4 /* Word.swift */; };
		EFD4DFB4245D693B00FA5EF4 /* VerseBy.swift in Sources */ = {isa = PBXBuildFile; fileRef = EFD4DFB3245D693B00FA5EF4 /* VerseBy.swift */; };
		EFD4DFB8245D70D700FA5EF4 /* Topic.swift in Sources */ = {isa = PBXBuildFile; fileRef = EFD4DFB7245D70D700FA5EF4 /* Topic.swift */; };
		EFD4DFBA245D788B00FA5EF4 /* Phrase.swift in Sources */ = {isa = PBXBuildFile; fileRef = EFD4DFB9245D788B00FA5EF4 /* Phrase.swift */; };
		EFD4DFBC245D7A5F00FA5EF4 /* Language.swift in Sources */ = {isa = PBXBuildFile; fileRef = EFD4DFBB245D7A5F00FA5EF4 /* Language.swift */; };
		EFD4DFBE245D7AF200FA5EF4 /* Name.swift in Sources */ = {isa = PBXBuildFile; fileRef = EFD4DFBD245D7AF200FA5EF4 /* Name.swift */; };
		EFD4DFC0245D85C700FA5EF4 /* Translation.swift in Sources */ = {isa = PBXBuildFile; fileRef = EFD4DFBF245D85C700FA5EF4 /* Translation.swift */; };
		EFF356A32468287800EBA9A0 /* LetterWord.swift in Sources */ = {isa = PBXBuildFile; fileRef = EFF356A22468287800EBA9A0 /* LetterWord.swift */; };
/* End PBXBuildFile section */

/* Begin PBXContainerItemProxy section */
		EFCF7856245C793D00E32BFD /* PBXContainerItemProxy */ = {
			isa = PBXContainerItemProxy;
			containerPortal = EFCF7832245C793A00E32BFD /* Project object */;
			proxyType = 1;
			remoteGlobalIDString = EFCF7839245C793A00E32BFD;
			remoteInfo = KuranFihristi;
		};
		EFCF7861245C793D00E32BFD /* PBXContainerItemProxy */ = {
			isa = PBXContainerItemProxy;
			containerPortal = EFCF7832245C793A00E32BFD /* Project object */;
			proxyType = 1;
			remoteGlobalIDString = EFCF7839245C793A00E32BFD;
			remoteInfo = KuranFihristi;
		};
/* End PBXContainerItemProxy section */

/* Begin PBXFileReference section */
		0FE07B76299FC6837A196FE4 /* Pods-KuranFihristiTests.release.xcconfig */ = {isa = PBXFileReference; includeInIndex = 1; lastKnownFileType = text.xcconfig; name = "Pods-KuranFihristiTests.release.xcconfig"; path = "Target Support Files/Pods-KuranFihristiTests/Pods-KuranFihristiTests.release.xcconfig"; sourceTree = "<group>"; };
		179C91EB4EAE9ECFAC1C9680 /* Pods_KuranFihristiTests.framework */ = {isa = PBXFileReference; explicitFileType = wrapper.framework; includeInIndex = 0; path = Pods_KuranFihristiTests.framework; sourceTree = BUILT_PRODUCTS_DIR; };
		196B89EBC8FDBD2E1D074949 /* Pods_KuranFihristi_KuranFihristiUITests.framework */ = {isa = PBXFileReference; explicitFileType = wrapper.framework; includeInIndex = 0; path = Pods_KuranFihristi_KuranFihristiUITests.framework; sourceTree = BUILT_PRODUCTS_DIR; };
		1F3DD517E34BF5C876B842BD /* Pods-KuranFihristi-KuranFihristiUITests.release.xcconfig */ = {isa = PBXFileReference; includeInIndex = 1; lastKnownFileType = text.xcconfig; name = "Pods-KuranFihristi-KuranFihristiUITests.release.xcconfig"; path = "Target Support Files/Pods-KuranFihristi-KuranFihristiUITests/Pods-KuranFihristi-KuranFihristiUITests.release.xcconfig"; sourceTree = "<group>"; };
		30A79D3CC281F1D60F151ECD /* Pods-KuranFihristi.release.xcconfig */ = {isa = PBXFileReference; includeInIndex = 1; lastKnownFileType = text.xcconfig; name = "Pods-KuranFihristi.release.xcconfig"; path = "Target Support Files/Pods-KuranFihristi/Pods-KuranFihristi.release.xcconfig"; sourceTree = "<group>"; };
		4A7D9F5A6E1958F3889F512E /* Pods-KuranFihristi.debug.xcconfig */ = {isa = PBXFileReference; includeInIndex = 1; lastKnownFileType = text.xcconfig; name = "Pods-KuranFihristi.debug.xcconfig"; path = "Target Support Files/Pods-KuranFihristi/Pods-KuranFihristi.debug.xcconfig"; sourceTree = "<group>"; };
		6F09E22C6521E22266B6D447 /* Pods_KuranFihristi.framework */ = {isa = PBXFileReference; explicitFileType = wrapper.framework; includeInIndex = 0; path = Pods_KuranFihristi.framework; sourceTree = BUILT_PRODUCTS_DIR; };
		9CB9C092E8CC29191DD4B5C4 /* Pods-KuranFihristiTests.debug.xcconfig */ = {isa = PBXFileReference; includeInIndex = 1; lastKnownFileType = text.xcconfig; name = "Pods-KuranFihristiTests.debug.xcconfig"; path = "Target Support Files/Pods-KuranFihristiTests/Pods-KuranFihristiTests.debug.xcconfig"; sourceTree = "<group>"; };
		DBE8A78B4FBC954CED1BDBB3 /* Pods-KuranFihristi-KuranFihristiUITests.debug.xcconfig */ = {isa = PBXFileReference; includeInIndex = 1; lastKnownFileType = text.xcconfig; name = "Pods-KuranFihristi-KuranFihristiUITests.debug.xcconfig"; path = "Target Support Files/Pods-KuranFihristi-KuranFihristiUITests/Pods-KuranFihristi-KuranFihristiUITests.debug.xcconfig"; sourceTree = "<group>"; };
		EF025588245F282B0031D190 /* BottomItem.swift */ = {isa = PBXFileReference; lastKnownFileType = sourcecode.swift; path = BottomItem.swift; sourceTree = "<group>"; };
		EF0F577C245F1C4D0042AEB2 /* BottomViewCell.swift */ = {isa = PBXFileReference; lastKnownFileType = sourcecode.swift; path = BottomViewCell.swift; sourceTree = "<group>"; };
		EF1976C22460C092007F1462 /* Functions.swift */ = {isa = PBXFileReference; lastKnownFileType = sourcecode.swift; path = Functions.swift; sourceTree = "<group>"; };
		EF1AC0D12461DE08004941C2 /* ItemViewCell.swift */ = {isa = PBXFileReference; lastKnownFileType = sourcecode.swift; path = ItemViewCell.swift; sourceTree = "<group>"; };
		EF1AC0D52461DE4F004941C2 /* VerseByViewCell.swift */ = {isa = PBXFileReference; lastKnownFileType = sourcecode.swift; path = VerseByViewCell.swift; sourceTree = "<group>"; };
		EF1AC0D82461DEC7004941C2 /* ItemDetailViewCell.swift */ = {isa = PBXFileReference; lastKnownFileType = sourcecode.swift; path = ItemDetailViewCell.swift; sourceTree = "<group>"; };
		EF583ED3246848470095A490 /* Reminder.swift */ = {isa = PBXFileReference; lastKnownFileType = sourcecode.swift; path = Reminder.swift; sourceTree = "<group>"; };
		EF583ED524684BD20095A490 /* AddReminderViewCell.swift */ = {isa = PBXFileReference; lastKnownFileType = sourcecode.swift; path = AddReminderViewCell.swift; sourceTree = "<group>"; };
		EF6B5CC72464A01A00B1D3BB /* SettingItem.swift */ = {isa = PBXFileReference; lastKnownFileType = sourcecode.swift; path = SettingItem.swift; sourceTree = "<group>"; };
		EF7539C02465F837001853FE /* Option.swift */ = {isa = PBXFileReference; lastKnownFileType = sourcecode.swift; path = Option.swift; sourceTree = "<group>"; };
		EF7539C224660B39001853FE /* tr */ = {isa = PBXFileReference; lastKnownFileType = text.plist.strings; name = tr; path = tr.lproj/Main.strings; sourceTree = "<group>"; };
		EF7539C324660B5E001853FE /* az */ = {isa = PBXFileReference; lastKnownFileType = text.plist.strings; name = az; path = az.lproj/Main.strings; sourceTree = "<group>"; };
		EF7539C424660B6C001853FE /* ru */ = {isa = PBXFileReference; lastKnownFileType = text.plist.strings; name = ru; path = ru.lproj/Main.strings; sourceTree = "<group>"; };
		EF7539C824660C3D001853FE /* tr */ = {isa = PBXFileReference; lastKnownFileType = text.plist.strings; name = tr; path = tr.lproj/Localizable.strings; sourceTree = "<group>"; };
		EF7539CA24660C46001853FE /* ru */ = {isa = PBXFileReference; lastKnownFileType = text.plist.strings; name = ru; path = ru.lproj/Localizable.strings; sourceTree = "<group>"; };
		EF7539CB24660C47001853FE /* az */ = {isa = PBXFileReference; lastKnownFileType = text.plist.strings; name = az; path = az.lproj/Localizable.strings; sourceTree = "<group>"; };
		EF7539CC24660C48001853FE /* en */ = {isa = PBXFileReference; lastKnownFileType = text.plist.strings; name = en; path = en.lproj/Localizable.strings; sourceTree = "<group>"; };
		EF8376A9245F689300335185 /* VerseDetailViewCell.swift */ = {isa = PBXFileReference; lastKnownFileType = sourcecode.swift; path = VerseDetailViewCell.swift; sourceTree = "<group>"; };
		EFB5ADF5245EACB100BCDF61 /* SearchFullViewCell.swift */ = {isa = PBXFileReference; lastKnownFileType = sourcecode.swift; path = SearchFullViewCell.swift; sourceTree = "<group>"; };
		EFBAC3882462B83200D54B2E /* ReminderViewCell.swift */ = {isa = PBXFileReference; lastKnownFileType = sourcecode.swift; path = ReminderViewCell.swift; sourceTree = "<group>"; };
		EFBAC38A2462B85600D54B2E /* ReminderViewController.swift */ = {isa = PBXFileReference; lastKnownFileType = sourcecode.swift; path = ReminderViewController.swift; sourceTree = "<group>"; };
		EFBAC38C2462BADD00D54B2E /* OtherViewCell.swift */ = {isa = PBXFileReference; lastKnownFileType = sourcecode.swift; path = OtherViewCell.swift; sourceTree = "<group>"; };
		EFBAC38E2462D9B500D54B2E /* OtherCell.swift */ = {isa = PBXFileReference; lastKnownFileType = sourcecode.swift; path = OtherCell.swift; sourceTree = "<group>"; };
		EFCEA7F9245DC26D00B971B0 /* CustomSearchController.swift */ = {isa = PBXFileReference; lastKnownFileType = sourcecode.swift; path = CustomSearchController.swift; sourceTree = "<group>"; };
		EFCEA7FB245DC28900B971B0 /* CustomSearchBar.swift */ = {isa = PBXFileReference; lastKnownFileType = sourcecode.swift; path = CustomSearchBar.swift; sourceTree = "<group>"; };
		EFCF783A245C793A00E32BFD /* KuranFihristi.app */ = {isa = PBXFileReference; explicitFileType = wrapper.application; includeInIndex = 0; path = KuranFihristi.app; sourceTree = BUILT_PRODUCTS_DIR; };
		EFCF783D245C793A00E32BFD /* AppDelegate.swift */ = {isa = PBXFileReference; lastKnownFileType = sourcecode.swift; path = AppDelegate.swift; sourceTree = "<group>"; };
		EFCF783F245C793A00E32BFD /* SceneDelegate.swift */ = {isa = PBXFileReference; lastKnownFileType = sourcecode.swift; path = SceneDelegate.swift; sourceTree = "<group>"; };
		EFCF7846245C793A00E32BFD /* Base */ = {isa = PBXFileReference; lastKnownFileType = file.storyboard; name = Base; path = Base.lproj/Main.storyboard; sourceTree = "<group>"; };
		EFCF7849245C793A00E32BFD /* KuranFihristi.xcdatamodel */ = {isa = PBXFileReference; lastKnownFileType = wrapper.xcdatamodel; path = KuranFihristi.xcdatamodel; sourceTree = "<group>"; };
		EFCF784B245C793C00E32BFD /* Assets.xcassets */ = {isa = PBXFileReference; lastKnownFileType = folder.assetcatalog; path = Assets.xcassets; sourceTree = "<group>"; };
		EFCF784E245C793C00E32BFD /* Base */ = {isa = PBXFileReference; lastKnownFileType = file.storyboard; name = Base; path = Base.lproj/LaunchScreen.storyboard; sourceTree = "<group>"; };
		EFCF7850245C793C00E32BFD /* Info.plist */ = {isa = PBXFileReference; lastKnownFileType = text.plist.xml; path = Info.plist; sourceTree = "<group>"; };
		EFCF7855245C793D00E32BFD /* KuranFihristiTests.xctest */ = {isa = PBXFileReference; explicitFileType = wrapper.cfbundle; includeInIndex = 0; path = KuranFihristiTests.xctest; sourceTree = BUILT_PRODUCTS_DIR; };
		EFCF7859245C793D00E32BFD /* KuranFihristiTests.swift */ = {isa = PBXFileReference; lastKnownFileType = sourcecode.swift; path = KuranFihristiTests.swift; sourceTree = "<group>"; };
		EFCF785B245C793D00E32BFD /* Info.plist */ = {isa = PBXFileReference; lastKnownFileType = text.plist.xml; path = Info.plist; sourceTree = "<group>"; };
		EFCF7860245C793D00E32BFD /* KuranFihristiUITests.xctest */ = {isa = PBXFileReference; explicitFileType = wrapper.cfbundle; includeInIndex = 0; path = KuranFihristiUITests.xctest; sourceTree = BUILT_PRODUCTS_DIR; };
		EFCF7864245C793D00E32BFD /* KuranFihristiUITests.swift */ = {isa = PBXFileReference; lastKnownFileType = sourcecode.swift; path = KuranFihristiUITests.swift; sourceTree = "<group>"; };
		EFCF7866245C793D00E32BFD /* Info.plist */ = {isa = PBXFileReference; lastKnownFileType = text.plist.xml; path = Info.plist; sourceTree = "<group>"; };
		EFCF7872245C860400E32BFD /* ChapterViewController.swift */ = {isa = PBXFileReference; lastKnownFileType = sourcecode.swift; path = ChapterViewController.swift; sourceTree = "<group>"; };
		EFCF7874245C863600E32BFD /* LetterViewController.swift */ = {isa = PBXFileReference; lastKnownFileType = sourcecode.swift; path = LetterViewController.swift; sourceTree = "<group>"; };
		EFCF7876245C879A00E32BFD /* VerseViewController.swift */ = {isa = PBXFileReference; lastKnownFileType = sourcecode.swift; path = VerseViewController.swift; sourceTree = "<group>"; };
		EFCF7878245C87C600E32BFD /* VerseByWordViewController.swift */ = {isa = PBXFileReference; lastKnownFileType = sourcecode.swift; path = VerseByWordViewController.swift; sourceTree = "<group>"; };
		EFCF787A245C88E400E32BFD /* WordViewController.swift */ = {isa = PBXFileReference; lastKnownFileType = sourcecode.swift; path = WordViewController.swift; sourceTree = "<group>"; };
		EFCF787C245C897000E32BFD /* VerseDetailViewController.swift */ = {isa = PBXFileReference; lastKnownFileType = sourcecode.swift; path = VerseDetailViewController.swift; sourceTree = "<group>"; };
		EFCF7880245C89D800E32BFD /* PhraseViewController.swift */ = {isa = PBXFileReference; lastKnownFileType = sourcecode.swift; path = PhraseViewController.swift; sourceTree = "<group>"; };
		EFCF7882245C8A7200E32BFD /* TopicViewController.swift */ = {isa = PBXFileReference; lastKnownFileType = sourcecode.swift; path = TopicViewController.swift; sourceTree = "<group>"; };
		EFCF7884245C8A8700E32BFD /* VerseByTopicViewController.swift */ = {isa = PBXFileReference; lastKnownFileType = sourcecode.swift; path = VerseByTopicViewController.swift; sourceTree = "<group>"; };
		EFCF7887245C8E8D00E32BFD /* NameViewController.swift */ = {isa = PBXFileReference; lastKnownFileType = sourcecode.swift; path = NameViewController.swift; sourceTree = "<group>"; };
		EFCF7889245C8EA400E32BFD /* NameDetailViewController.swift */ = {isa = PBXFileReference; lastKnownFileType = sourcecode.swift; path = NameDetailViewController.swift; sourceTree = "<group>"; };
		EFCF788C245C8EDB00E32BFD /* OtherViewController.swift */ = {isa = PBXFileReference; lastKnownFileType = sourcecode.swift; path = OtherViewController.swift; sourceTree = "<group>"; };
		EFCF788E245C8EF900E32BFD /* PinViewController.swift */ = {isa = PBXFileReference; lastKnownFileType = sourcecode.swift; path = PinViewController.swift; sourceTree = "<group>"; };
		EFCF7890245C8F1000E32BFD /* SearchViewController.swift */ = {isa = PBXFileReference; lastKnownFileType = sourcecode.swift; path = SearchViewController.swift; sourceTree = "<group>"; };
		EFCF7892245C8F1E00E32BFD /* SettingViewController.swift */ = {isa = PBXFileReference; lastKnownFileType = sourcecode.swift; path = SettingViewController.swift; sourceTree = "<group>"; };
		EFCF7899245C959800E32BFD /* VerseViewCell.swift */ = {isa = PBXFileReference; lastKnownFileType = sourcecode.swift; path = VerseViewCell.swift; sourceTree = "<group>"; };
		EFCF78AF245C96CF00E32BFD /* SettingViewCell.swift */ = {isa = PBXFileReference; lastKnownFileType = sourcecode.swift; path = SettingViewCell.swift; sourceTree = "<group>"; };
		EFCF78B1245C989100E32BFD /* AppTabBarViewController.swift */ = {isa = PBXFileReference; lastKnownFileType = sourcecode.swift; path = AppTabBarViewController.swift; sourceTree = "<group>"; };
		EFCF78B3245C997F00E32BFD /* libsqlite3.tbd */ = {isa = PBXFileReference; lastKnownFileType = "sourcecode.text-based-dylib-definition"; name = libsqlite3.tbd; path = usr/lib/libsqlite3.tbd; sourceTree = SDKROOT; };
		EFCF78B5245C9CC500E32BFD /* databases */ = {isa = PBXFileReference; lastKnownFileType = folder; path = databases; sourceTree = "<group>"; };
		EFCF78B8245C9EEF00E32BFD /* Chapter.swift */ = {isa = PBXFileReference; lastKnownFileType = sourcecode.swift; path = Chapter.swift; sourceTree = "<group>"; };
		EFCF78BA245CA00A00E32BFD /* DataBase.swift */ = {isa = PBXFileReference; lastKnownFileType = sourcecode.swift; path = DataBase.swift; sourceTree = "<group>"; };
		EFD4DFAC245D454400FA5EF4 /* Verse.swift */ = {isa = PBXFileReference; lastKnownFileType = sourcecode.swift; path = Verse.swift; sourceTree = "<group>"; };
		EFD4DFAF245D4D3C00FA5EF4 /* Letter.swift */ = {isa = PBXFileReference; lastKnownFileType = sourcecode.swift; path = Letter.swift; sourceTree = "<group>"; };
		EFD4DFB1245D63FD00FA5EF4 /* Word.swift */ = {isa = PBXFileReference; lastKnownFileType = sourcecode.swift; path = Word.swift; sourceTree = "<group>"; };
		EFD4DFB3245D693B00FA5EF4 /* VerseBy.swift */ = {isa = PBXFileReference; lastKnownFileType = sourcecode.swift; path = VerseBy.swift; sourceTree = "<group>"; };
		EFD4DFB7245D70D700FA5EF4 /* Topic.swift */ = {isa = PBXFileReference; lastKnownFileType = sourcecode.swift; path = Topic.swift; sourceTree = "<group>"; };
		EFD4DFB9245D788B00FA5EF4 /* Phrase.swift */ = {isa = PBXFileReference; lastKnownFileType = sourcecode.swift; path = Phrase.swift; sourceTree = "<group>"; };
		EFD4DFBB245D7A5F00FA5EF4 /* Language.swift */ = {isa = PBXFileReference; lastKnownFileType = sourcecode.swift; path = Language.swift; sourceTree = "<group>"; };
		EFD4DFBD245D7AF200FA5EF4 /* Name.swift */ = {isa = PBXFileReference; lastKnownFileType = sourcecode.swift; path = Name.swift; sourceTree = "<group>"; };
		EFD4DFBF245D85C700FA5EF4 /* Translation.swift */ = {isa = PBXFileReference; lastKnownFileType = sourcecode.swift; path = Translation.swift; sourceTree = "<group>"; };
		EFF356A22468287800EBA9A0 /* LetterWord.swift */ = {isa = PBXFileReference; lastKnownFileType = sourcecode.swift; path = LetterWord.swift; sourceTree = "<group>"; };
/* End PBXFileReference section */

/* Begin PBXFrameworksBuildPhase section */
		EFCF7837245C793A00E32BFD /* Frameworks */ = {
			isa = PBXFrameworksBuildPhase;
			buildActionMask = 2147483647;
			files = (
				EFCF78B4245C997F00E32BFD /* libsqlite3.tbd in Frameworks */,
				B49A435B60EE6A06BFBF205B /* Pods_KuranFihristi.framework in Frameworks */,
			);
			runOnlyForDeploymentPostprocessing = 0;
		};
		EFCF7852245C793D00E32BFD /* Frameworks */ = {
			isa = PBXFrameworksBuildPhase;
			buildActionMask = 2147483647;
			files = (
				9F6F04A8F7AB553B21EDC15F /* Pods_KuranFihristiTests.framework in Frameworks */,
			);
			runOnlyForDeploymentPostprocessing = 0;
		};
		EFCF785D245C793D00E32BFD /* Frameworks */ = {
			isa = PBXFrameworksBuildPhase;
			buildActionMask = 2147483647;
			files = (
				7FDB9D87A9D9418671824D8D /* Pods_KuranFihristi_KuranFihristiUITests.framework in Frameworks */,
			);
			runOnlyForDeploymentPostprocessing = 0;
		};
/* End PBXFrameworksBuildPhase section */

/* Begin PBXGroup section */
		51131CDD60EB7DA6F42229CC /* Pods */ = {
			isa = PBXGroup;
			children = (
				4A7D9F5A6E1958F3889F512E /* Pods-KuranFihristi.debug.xcconfig */,
				30A79D3CC281F1D60F151ECD /* Pods-KuranFihristi.release.xcconfig */,
				DBE8A78B4FBC954CED1BDBB3 /* Pods-KuranFihristi-KuranFihristiUITests.debug.xcconfig */,
				1F3DD517E34BF5C876B842BD /* Pods-KuranFihristi-KuranFihristiUITests.release.xcconfig */,
				9CB9C092E8CC29191DD4B5C4 /* Pods-KuranFihristiTests.debug.xcconfig */,
				0FE07B76299FC6837A196FE4 /* Pods-KuranFihristiTests.release.xcconfig */,
			);
			path = Pods;
			sourceTree = "<group>";
		};
		E2E48396384D0151CF9E923C /* Frameworks */ = {
			isa = PBXGroup;
			children = (
				EFCF78B3245C997F00E32BFD /* libsqlite3.tbd */,
				6F09E22C6521E22266B6D447 /* Pods_KuranFihristi.framework */,
				196B89EBC8FDBD2E1D074949 /* Pods_KuranFihristi_KuranFihristiUITests.framework */,
				179C91EB4EAE9ECFAC1C9680 /* Pods_KuranFihristiTests.framework */,
			);
			name = Frameworks;
			sourceTree = "<group>";
		};
		EF1AC0D72461DE65004941C2 /* main */ = {
			isa = PBXGroup;
			children = (
				EFCF78B1245C989100E32BFD /* AppTabBarViewController.swift */,
				EF1AC0DB2461E925004941C2 /* cells */,
			);
			path = main;
			sourceTree = "<group>";
		};
		EF1AC0DB2461E925004941C2 /* cells */ = {
			isa = PBXGroup;
			children = (
				EF1AC0D12461DE08004941C2 /* ItemViewCell.swift */,
				EF1AC0D52461DE4F004941C2 /* VerseByViewCell.swift */,
				EF1AC0D82461DEC7004941C2 /* ItemDetailViewCell.swift */,
				EFB5ADF5245EACB100BCDF61 /* SearchFullViewCell.swift */,
				EFCF7899245C959800E32BFD /* VerseViewCell.swift */,
				EF8376A9245F689300335185 /* VerseDetailViewCell.swift */,
				EF0F577C245F1C4D0042AEB2 /* BottomViewCell.swift */,
				EFCF78AF245C96CF00E32BFD /* SettingViewCell.swift */,
				EFBAC3882462B83200D54B2E /* ReminderViewCell.swift */,
				EFBAC38C2462BADD00D54B2E /* OtherViewCell.swift */,
				EFBAC38E2462D9B500D54B2E /* OtherCell.swift */,
				EF583ED524684BD20095A490 /* AddReminderViewCell.swift */,
			);
			path = cells;
			sourceTree = "<group>";
		};
		EFCEA7FD245DC61000B971B0 /* util */ = {
			isa = PBXGroup;
			children = (
				EFCF78BA245CA00A00E32BFD /* DataBase.swift */,
				EFCEA7F9245DC26D00B971B0 /* CustomSearchController.swift */,
				EFCEA7FB245DC28900B971B0 /* CustomSearchBar.swift */,
				EF1976C22460C092007F1462 /* Functions.swift */,
			);
			path = util;
			sourceTree = "<group>";
		};
		EFCF7831245C793A00E32BFD = {
			isa = PBXGroup;
			children = (
				EFCF783C245C793A00E32BFD /* KuranFihristi */,
				EFCF7858245C793D00E32BFD /* KuranFihristiTests */,
				EFCF7863245C793D00E32BFD /* KuranFihristiUITests */,
				EFCF783B245C793A00E32BFD /* Products */,
				51131CDD60EB7DA6F42229CC /* Pods */,
				E2E48396384D0151CF9E923C /* Frameworks */,
			);
			sourceTree = "<group>";
		};
		EFCF783B245C793A00E32BFD /* Products */ = {
			isa = PBXGroup;
			children = (
				EFCF783A245C793A00E32BFD /* KuranFihristi.app */,
				EFCF7855245C793D00E32BFD /* KuranFihristiTests.xctest */,
				EFCF7860245C793D00E32BFD /* KuranFihristiUITests.xctest */,
			);
			name = Products;
			sourceTree = "<group>";
		};
		EFCF783C245C793A00E32BFD /* KuranFihristi */ = {
			isa = PBXGroup;
			children = (
				EFCF783D245C793A00E32BFD /* AppDelegate.swift */,
				EFCF783F245C793A00E32BFD /* SceneDelegate.swift */,
				EFCF78BC245CAA6B00E32BFD /* helper */,
				EFCF78B7245C9E8800E32BFD /* tabbar */,
				EFCF7845245C793A00E32BFD /* Main.storyboard */,
				EFCF784B245C793C00E32BFD /* Assets.xcassets */,
				EFCF78B5245C9CC500E32BFD /* databases */,
				EFCF7850245C793C00E32BFD /* Info.plist */,
				EFCF784D245C793C00E32BFD /* LaunchScreen.storyboard */,
				EFCF7848245C793A00E32BFD /* KuranFihristi.xcdatamodeld */,
				EF7539C924660C3D001853FE /* Localizable.strings */,
			);
			path = KuranFihristi;
			sourceTree = "<group>";
		};
		EFCF7858245C793D00E32BFD /* KuranFihristiTests */ = {
			isa = PBXGroup;
			children = (
				EFCF7859245C793D00E32BFD /* KuranFihristiTests.swift */,
				EFCF785B245C793D00E32BFD /* Info.plist */,
			);
			path = KuranFihristiTests;
			sourceTree = "<group>";
		};
		EFCF7863245C793D00E32BFD /* KuranFihristiUITests */ = {
			isa = PBXGroup;
			children = (
				EFCF7864245C793D00E32BFD /* KuranFihristiUITests.swift */,
				EFCF7866245C793D00E32BFD /* Info.plist */,
			);
			path = KuranFihristiUITests;
			sourceTree = "<group>";
		};
		EFCF787E245C898100E32BFD /* tab1 */ = {
			isa = PBXGroup;
			children = (
				EFCF7872245C860400E32BFD /* ChapterViewController.swift */,
				EFCF7876245C879A00E32BFD /* VerseViewController.swift */,
				EFCF787C245C897000E32BFD /* VerseDetailViewController.swift */,
			);
			path = tab1;
			sourceTree = "<group>";
		};
		EFCF787F245C89BA00E32BFD /* tab2 */ = {
			isa = PBXGroup;
			children = (
				EFCF7874245C863600E32BFD /* LetterViewController.swift */,
				EFCF787A245C88E400E32BFD /* WordViewController.swift */,
				EFCF7878245C87C600E32BFD /* VerseByWordViewController.swift */,
			);
			path = tab2;
			sourceTree = "<group>";
		};
		EFCF7886245C8E7000E32BFD /* tab3 */ = {
			isa = PBXGroup;
			children = (
				EFCF7882245C8A7200E32BFD /* TopicViewController.swift */,
				EFCF7880245C89D800E32BFD /* PhraseViewController.swift */,
				EFCF7884245C8A8700E32BFD /* VerseByTopicViewController.swift */,
			);
			path = tab3;
			sourceTree = "<group>";
		};
		EFCF788B245C8EA900E32BFD /* tab4 */ = {
			isa = PBXGroup;
			children = (
				EFCF7887245C8E8D00E32BFD /* NameViewController.swift */,
				EFCF7889245C8EA400E32BFD /* NameDetailViewController.swift */,
			);
			path = tab4;
			sourceTree = "<group>";
		};
		EFCF7894245C8F2300E32BFD /* tab5 */ = {
			isa = PBXGroup;
			children = (
				EFCF788C245C8EDB00E32BFD /* OtherViewController.swift */,
				EFCF7890245C8F1000E32BFD /* SearchViewController.swift */,
				EFCF788E245C8EF900E32BFD /* PinViewController.swift */,
				EFBAC38A2462B85600D54B2E /* ReminderViewController.swift */,
				EFCF7892245C8F1E00E32BFD /* SettingViewController.swift */,
			);
			path = tab5;
			sourceTree = "<group>";
		};
		EFCF78B7245C9E8800E32BFD /* tabbar */ = {
			isa = PBXGroup;
			children = (
				EF1AC0D72461DE65004941C2 /* main */,
				EFCF787E245C898100E32BFD /* tab1 */,
				EFCF787F245C89BA00E32BFD /* tab2 */,
				EFCF7886245C8E7000E32BFD /* tab3 */,
				EFCF788B245C8EA900E32BFD /* tab4 */,
				EFCF7894245C8F2300E32BFD /* tab5 */,
			);
			path = tabbar;
			sourceTree = "<group>";
		};
		EFCF78BC245CAA6B00E32BFD /* helper */ = {
			isa = PBXGroup;
			children = (
				EFD4DFAE245D4A6500FA5EF4 /* entity */,
				EFCEA7FD245DC61000B971B0 /* util */,
			);
			path = helper;
			sourceTree = "<group>";
		};
		EFD4DFAE245D4A6500FA5EF4 /* entity */ = {
			isa = PBXGroup;
			children = (
				EFCF78B8245C9EEF00E32BFD /* Chapter.swift */,
				EFD4DFAC245D454400FA5EF4 /* Verse.swift */,
				EFD4DFAF245D4D3C00FA5EF4 /* Letter.swift */,
				EFD4DFB1245D63FD00FA5EF4 /* Word.swift */,
				EFD4DFB3245D693B00FA5EF4 /* VerseBy.swift */,
				EFD4DFB7245D70D700FA5EF4 /* Topic.swift */,
				EFD4DFB9245D788B00FA5EF4 /* Phrase.swift */,
				EFD4DFBB245D7A5F00FA5EF4 /* Language.swift */,
				EFD4DFBD245D7AF200FA5EF4 /* Name.swift */,
				EFD4DFBF245D85C700FA5EF4 /* Translation.swift */,
				EF025588245F282B0031D190 /* BottomItem.swift */,
				EF6B5CC72464A01A00B1D3BB /* SettingItem.swift */,
				EF7539C02465F837001853FE /* Option.swift */,
				EFF356A22468287800EBA9A0 /* LetterWord.swift */,
				EF583ED3246848470095A490 /* Reminder.swift */,
			);
			path = entity;
			sourceTree = "<group>";
		};
/* End PBXGroup section */

/* Begin PBXNativeTarget section */
		EFCF7839245C793A00E32BFD /* KuranFihristi */ = {
			isa = PBXNativeTarget;
			buildConfigurationList = EFCF7869245C793D00E32BFD /* Build configuration list for PBXNativeTarget "KuranFihristi" */;
			buildPhases = (
				0C0E7162A64430F6556E129D /* [CP] Check Pods Manifest.lock */,
				EFCF7836245C793A00E32BFD /* Sources */,
				EFCF7837245C793A00E32BFD /* Frameworks */,
				EFCF7838245C793A00E32BFD /* Resources */,
				F7B26F35458B81286FEFCD83 /* [CP] Embed Pods Frameworks */,
			);
			buildRules = (
			);
			dependencies = (
			);
			name = KuranFihristi;
			productName = KuranFihristi;
			productReference = EFCF783A245C793A00E32BFD /* KuranFihristi.app */;
			productType = "com.apple.product-type.application";
		};
		EFCF7854245C793D00E32BFD /* KuranFihristiTests */ = {
			isa = PBXNativeTarget;
			buildConfigurationList = EFCF786C245C793D00E32BFD /* Build configuration list for PBXNativeTarget "KuranFihristiTests" */;
			buildPhases = (
				16F275DF1260A6939BAD3D26 /* [CP] Check Pods Manifest.lock */,
				EFCF7851245C793D00E32BFD /* Sources */,
				EFCF7852245C793D00E32BFD /* Frameworks */,
				EFCF7853245C793D00E32BFD /* Resources */,
			);
			buildRules = (
			);
			dependencies = (
				EFCF7857245C793D00E32BFD /* PBXTargetDependency */,
			);
			name = KuranFihristiTests;
			productName = KuranFihristiTests;
			productReference = EFCF7855245C793D00E32BFD /* KuranFihristiTests.xctest */;
			productType = "com.apple.product-type.bundle.unit-test";
		};
		EFCF785F245C793D00E32BFD /* KuranFihristiUITests */ = {
			isa = PBXNativeTarget;
			buildConfigurationList = EFCF786F245C793D00E32BFD /* Build configuration list for PBXNativeTarget "KuranFihristiUITests" */;
			buildPhases = (
				0A2A8600E03EED2D4C3EE368 /* [CP] Check Pods Manifest.lock */,
				EFCF785C245C793D00E32BFD /* Sources */,
				EFCF785D245C793D00E32BFD /* Frameworks */,
				EFCF785E245C793D00E32BFD /* Resources */,
				2855A779D1AEEE7B071DC7F7 /* [CP] Embed Pods Frameworks */,
			);
			buildRules = (
			);
			dependencies = (
				EFCF7862245C793D00E32BFD /* PBXTargetDependency */,
			);
			name = KuranFihristiUITests;
			productName = KuranFihristiUITests;
			productReference = EFCF7860245C793D00E32BFD /* KuranFihristiUITests.xctest */;
			productType = "com.apple.product-type.bundle.ui-testing";
		};
/* End PBXNativeTarget section */

/* Begin PBXProject section */
		EFCF7832245C793A00E32BFD /* Project object */ = {
			isa = PBXProject;
			attributes = {
				LastSwiftUpdateCheck = 1100;
				LastUpgradeCheck = 1100;
				ORGANIZATIONNAME = "Cavad Heybetzade";
				TargetAttributes = {
					EFCF7839245C793A00E32BFD = {
						CreatedOnToolsVersion = 11.0;
					};
					EFCF7854245C793D00E32BFD = {
						CreatedOnToolsVersion = 11.0;
						TestTargetID = EFCF7839245C793A00E32BFD;
					};
					EFCF785F245C793D00E32BFD = {
						CreatedOnToolsVersion = 11.0;
						TestTargetID = EFCF7839245C793A00E32BFD;
					};
				};
			};
			buildConfigurationList = EFCF7835245C793A00E32BFD /* Build configuration list for PBXProject "KuranFihristi" */;
			compatibilityVersion = "Xcode 9.3";
			developmentRegion = en;
			hasScannedForEncodings = 0;
			knownRegions = (
				en,
				Base,
				tr,
				az,
				ru,
			);
			mainGroup = EFCF7831245C793A00E32BFD;
			productRefGroup = EFCF783B245C793A00E32BFD /* Products */;
			projectDirPath = "";
			projectRoot = "";
			targets = (
				EFCF7839245C793A00E32BFD /* KuranFihristi */,
				EFCF7854245C793D00E32BFD /* KuranFihristiTests */,
				EFCF785F245C793D00E32BFD /* KuranFihristiUITests */,
			);
		};
/* End PBXProject section */

/* Begin PBXResourcesBuildPhase section */
		EFCF7838245C793A00E32BFD /* Resources */ = {
			isa = PBXResourcesBuildPhase;
			buildActionMask = 2147483647;
			files = (
				EF7539C724660C3D001853FE /* Localizable.strings in Resources */,
				EFCF784F245C793C00E32BFD /* LaunchScreen.storyboard in Resources */,
				EFCF78B6245C9CC500E32BFD /* databases in Resources */,
				EFCF784C245C793C00E32BFD /* Assets.xcassets in Resources */,
				EFCF7847245C793A00E32BFD /* Main.storyboard in Resources */,
			);
			runOnlyForDeploymentPostprocessing = 0;
		};
		EFCF7853245C793D00E32BFD /* Resources */ = {
			isa = PBXResourcesBuildPhase;
			buildActionMask = 2147483647;
			files = (
			);
			runOnlyForDeploymentPostprocessing = 0;
		};
		EFCF785E245C793D00E32BFD /* Resources */ = {
			isa = PBXResourcesBuildPhase;
			buildActionMask = 2147483647;
			files = (
			);
			runOnlyForDeploymentPostprocessing = 0;
		};
/* End PBXResourcesBuildPhase section */

/* Begin PBXShellScriptBuildPhase section */
		0A2A8600E03EED2D4C3EE368 /* [CP] Check Pods Manifest.lock */ = {
			isa = PBXShellScriptBuildPhase;
			buildActionMask = 2147483647;
			files = (
			);
			inputFileListPaths = (
			);
			inputPaths = (
				"${PODS_PODFILE_DIR_PATH}/Podfile.lock",
				"${PODS_ROOT}/Manifest.lock",
			);
			name = "[CP] Check Pods Manifest.lock";
			outputFileListPaths = (
			);
			outputPaths = (
				"$(DERIVED_FILE_DIR)/Pods-KuranFihristi-KuranFihristiUITests-checkManifestLockResult.txt",
			);
			runOnlyForDeploymentPostprocessing = 0;
			shellPath = /bin/sh;
			shellScript = "diff \"${PODS_PODFILE_DIR_PATH}/Podfile.lock\" \"${PODS_ROOT}/Manifest.lock\" > /dev/null\nif [ $? != 0 ] ; then\n    # print error to STDERR\n    echo \"error: The sandbox is not in sync with the Podfile.lock. Run 'pod install' or update your CocoaPods installation.\" >&2\n    exit 1\nfi\n# This output is used by Xcode 'outputs' to avoid re-running this script phase.\necho \"SUCCESS\" > \"${SCRIPT_OUTPUT_FILE_0}\"\n";
			showEnvVarsInLog = 0;
		};
		0C0E7162A64430F6556E129D /* [CP] Check Pods Manifest.lock */ = {
			isa = PBXShellScriptBuildPhase;
			buildActionMask = 2147483647;
			files = (
			);
			inputFileListPaths = (
			);
			inputPaths = (
				"${PODS_PODFILE_DIR_PATH}/Podfile.lock",
				"${PODS_ROOT}/Manifest.lock",
			);
			name = "[CP] Check Pods Manifest.lock";
			outputFileListPaths = (
			);
			outputPaths = (
				"$(DERIVED_FILE_DIR)/Pods-KuranFihristi-checkManifestLockResult.txt",
			);
			runOnlyForDeploymentPostprocessing = 0;
			shellPath = /bin/sh;
			shellScript = "diff \"${PODS_PODFILE_DIR_PATH}/Podfile.lock\" \"${PODS_ROOT}/Manifest.lock\" > /dev/null\nif [ $? != 0 ] ; then\n    # print error to STDERR\n    echo \"error: The sandbox is not in sync with the Podfile.lock. Run 'pod install' or update your CocoaPods installation.\" >&2\n    exit 1\nfi\n# This output is used by Xcode 'outputs' to avoid re-running this script phase.\necho \"SUCCESS\" > \"${SCRIPT_OUTPUT_FILE_0}\"\n";
			showEnvVarsInLog = 0;
		};
		16F275DF1260A6939BAD3D26 /* [CP] Check Pods Manifest.lock */ = {
			isa = PBXShellScriptBuildPhase;
			buildActionMask = 2147483647;
			files = (
			);
			inputFileListPaths = (
			);
			inputPaths = (
				"${PODS_PODFILE_DIR_PATH}/Podfile.lock",
				"${PODS_ROOT}/Manifest.lock",
			);
			name = "[CP] Check Pods Manifest.lock";
			outputFileListPaths = (
			);
			outputPaths = (
				"$(DERIVED_FILE_DIR)/Pods-KuranFihristiTests-checkManifestLockResult.txt",
			);
			runOnlyForDeploymentPostprocessing = 0;
			shellPath = /bin/sh;
			shellScript = "diff \"${PODS_PODFILE_DIR_PATH}/Podfile.lock\" \"${PODS_ROOT}/Manifest.lock\" > /dev/null\nif [ $? != 0 ] ; then\n    # print error to STDERR\n    echo \"error: The sandbox is not in sync with the Podfile.lock. Run 'pod install' or update your CocoaPods installation.\" >&2\n    exit 1\nfi\n# This output is used by Xcode 'outputs' to avoid re-running this script phase.\necho \"SUCCESS\" > \"${SCRIPT_OUTPUT_FILE_0}\"\n";
			showEnvVarsInLog = 0;
		};
		2855A779D1AEEE7B071DC7F7 /* [CP] Embed Pods Frameworks */ = {
			isa = PBXShellScriptBuildPhase;
			buildActionMask = 2147483647;
			files = (
			);
			inputFileListPaths = (
				"${PODS_ROOT}/Target Support Files/Pods-KuranFihristi-KuranFihristiUITests/Pods-KuranFihristi-KuranFihristiUITests-frameworks-${CONFIGURATION}-input-files.xcfilelist",
			);
			name = "[CP] Embed Pods Frameworks";
			outputFileListPaths = (
				"${PODS_ROOT}/Target Support Files/Pods-KuranFihristi-KuranFihristiUITests/Pods-KuranFihristi-KuranFihristiUITests-frameworks-${CONFIGURATION}-output-files.xcfilelist",
			);
			runOnlyForDeploymentPostprocessing = 0;
			shellPath = /bin/sh;
			shellScript = "\"${PODS_ROOT}/Target Support Files/Pods-KuranFihristi-KuranFihristiUITests/Pods-KuranFihristi-KuranFihristiUITests-frameworks.sh\"\n";
			showEnvVarsInLog = 0;
		};
		F7B26F35458B81286FEFCD83 /* [CP] Embed Pods Frameworks */ = {
			isa = PBXShellScriptBuildPhase;
			buildActionMask = 2147483647;
			files = (
			);
			inputFileListPaths = (
				"${PODS_ROOT}/Target Support Files/Pods-KuranFihristi/Pods-KuranFihristi-frameworks-${CONFIGURATION}-input-files.xcfilelist",
			);
			name = "[CP] Embed Pods Frameworks";
			outputFileListPaths = (
				"${PODS_ROOT}/Target Support Files/Pods-KuranFihristi/Pods-KuranFihristi-frameworks-${CONFIGURATION}-output-files.xcfilelist",
			);
			runOnlyForDeploymentPostprocessing = 0;
			shellPath = /bin/sh;
			shellScript = "\"${PODS_ROOT}/Target Support Files/Pods-KuranFihristi/Pods-KuranFihristi-frameworks.sh\"\n";
			showEnvVarsInLog = 0;
		};
/* End PBXShellScriptBuildPhase section */

/* Begin PBXSourcesBuildPhase section */
		EFCF7836245C793A00E32BFD /* Sources */ = {
			isa = PBXSourcesBuildPhase;
			buildActionMask = 2147483647;
			files = (
				EFCEA7FA245DC26D00B971B0 /* CustomSearchController.swift in Sources */,
				EFCF7877245C879A00E32BFD /* VerseViewController.swift in Sources */,
				EFD4DFB0245D4D3C00FA5EF4 /* Letter.swift in Sources */,
				EFD4DFB4245D693B00FA5EF4 /* VerseBy.swift in Sources */,
				EF583ED624684BD20095A490 /* AddReminderViewCell.swift in Sources */,
				EFCF788F245C8EF900E32BFD /* PinViewController.swift in Sources */,
				EF6B5CC82464A01A00B1D3BB /* SettingItem.swift in Sources */,
				EF0F577D245F1C4D0042AEB2 /* BottomViewCell.swift in Sources */,
				EFCF78BB245CA00A00E32BFD /* DataBase.swift in Sources */,
				EFCF78B2245C989100E32BFD /* AppTabBarViewController.swift in Sources */,
				EFBAC38F2462D9B500D54B2E /* OtherCell.swift in Sources */,
				EFCF787B245C88E400E32BFD /* WordViewController.swift in Sources */,
				EFCF7891245C8F1000E32BFD /* SearchViewController.swift in Sources */,
				EF1976C32460C092007F1462 /* Functions.swift in Sources */,
				EFCF7873245C860400E32BFD /* ChapterViewController.swift in Sources */,
				EFD4DFBE245D7AF200FA5EF4 /* Name.swift in Sources */,
				EFCF789A245C959800E32BFD /* VerseViewCell.swift in Sources */,
				EF7539C12465F838001853FE /* Option.swift in Sources */,
				EFCF783E245C793A00E32BFD /* AppDelegate.swift in Sources */,
				EFCF784A245C793A00E32BFD /* KuranFihristi.xcdatamodeld in Sources */,
				EFF356A32468287800EBA9A0 /* LetterWord.swift in Sources */,
				EFD4DFC0245D85C700FA5EF4 /* Translation.swift in Sources */,
				EFD4DFB2245D63FD00FA5EF4 /* Word.swift in Sources */,
				EFCF7883245C8A7200E32BFD /* TopicViewController.swift in Sources */,
				EFCF787D245C897000E32BFD /* VerseDetailViewController.swift in Sources */,
				EF1AC0D22461DE08004941C2 /* ItemViewCell.swift in Sources */,
				EFCF78B0245C96CF00E32BFD /* SettingViewCell.swift in Sources */,
				EFCF7879245C87C600E32BFD /* VerseByWordViewController.swift in Sources */,
				EFB5ADF6245EACB100BCDF61 /* SearchFullViewCell.swift in Sources */,
				EFD4DFAD245D454400FA5EF4 /* Verse.swift in Sources */,
				EF583ED4246848470095A490 /* Reminder.swift in Sources */,
				EFD4DFBC245D7A5F00FA5EF4 /* Language.swift in Sources */,
				EF1AC0D92461DEC7004941C2 /* ItemDetailViewCell.swift in Sources */,
				EFD4DFBA245D788B00FA5EF4 /* Phrase.swift in Sources */,
				EFCF78B9245C9EEF00E32BFD /* Chapter.swift in Sources */,
				EFCEA7FC245DC28900B971B0 /* CustomSearchBar.swift in Sources */,
				EFCF7885245C8A8700E32BFD /* VerseByTopicViewController.swift in Sources */,
				EFBAC38B2462B85600D54B2E /* ReminderViewController.swift in Sources */,
				EF8376AA245F689300335185 /* VerseDetailViewCell.swift in Sources */,
				EFCF7875245C863600E32BFD /* LetterViewController.swift in Sources */,
				EFCF788A245C8EA400E32BFD /* NameDetailViewController.swift in Sources */,
				EFCF7893245C8F1E00E32BFD /* SettingViewController.swift in Sources */,
				EFCF7840245C793A00E32BFD /* SceneDelegate.swift in Sources */,
				EFD4DFB8245D70D700FA5EF4 /* Topic.swift in Sources */,
				EFBAC3892462B83200D54B2E /* ReminderViewCell.swift in Sources */,
				EFCF788D245C8EDB00E32BFD /* OtherViewController.swift in Sources */,
				EFCF7881245C89D800E32BFD /* PhraseViewController.swift in Sources */,
				EFCF7888245C8E8D00E32BFD /* NameViewController.swift in Sources */,
				EF1AC0D62461DE4F004941C2 /* VerseByViewCell.swift in Sources */,
				EF025589245F282B0031D190 /* BottomItem.swift in Sources */,
				EFBAC38D2462BADD00D54B2E /* OtherViewCell.swift in Sources */,
			);
			runOnlyForDeploymentPostprocessing = 0;
		};
		EFCF7851245C793D00E32BFD /* Sources */ = {
			isa = PBXSourcesBuildPhase;
			buildActionMask = 2147483647;
			files = (
				EFCF785A245C793D00E32BFD /* KuranFihristiTests.swift in Sources */,
			);
			runOnlyForDeploymentPostprocessing = 0;
		};
		EFCF785C245C793D00E32BFD /* Sources */ = {
			isa = PBXSourcesBuildPhase;
			buildActionMask = 2147483647;
			files = (
				EFCF7865245C793D00E32BFD /* KuranFihristiUITests.swift in Sources */,
			);
			runOnlyForDeploymentPostprocessing = 0;
		};
/* End PBXSourcesBuildPhase section */

/* Begin PBXTargetDependency section */
		EFCF7857245C793D00E32BFD /* PBXTargetDependency */ = {
			isa = PBXTargetDependency;
			target = EFCF7839245C793A00E32BFD /* KuranFihristi */;
			targetProxy = EFCF7856245C793D00E32BFD /* PBXContainerItemProxy */;
		};
		EFCF7862245C793D00E32BFD /* PBXTargetDependency */ = {
			isa = PBXTargetDependency;
			target = EFCF7839245C793A00E32BFD /* KuranFihristi */;
			targetProxy = EFCF7861245C793D00E32BFD /* PBXContainerItemProxy */;
		};
/* End PBXTargetDependency section */

/* Begin PBXVariantGroup section */
		EF7539C924660C3D001853FE /* Localizable.strings */ = {
			isa = PBXVariantGroup;
			children = (
				EF7539C824660C3D001853FE /* tr */,
				EF7539CA24660C46001853FE /* ru */,
				EF7539CB24660C47001853FE /* az */,
				EF7539CC24660C48001853FE /* en */,
			);
			name = Localizable.strings;
			sourceTree = "<group>";
		};
		EFCF7845245C793A00E32BFD /* Main.storyboard */ = {
			isa = PBXVariantGroup;
			children = (
				EFCF7846245C793A00E32BFD /* Base */,
				EF7539C224660B39001853FE /* tr */,
				EF7539C324660B5E001853FE /* az */,
				EF7539C424660B6C001853FE /* ru */,
			);
			name = Main.storyboard;
			sourceTree = "<group>";
		};
		EFCF784D245C793C00E32BFD /* LaunchScreen.storyboard */ = {
			isa = PBXVariantGroup;
			children = (
				EFCF784E245C793C00E32BFD /* Base */,
			);
			name = LaunchScreen.storyboard;
			sourceTree = "<group>";
		};
/* End PBXVariantGroup section */

/* Begin XCBuildConfiguration section */
		EFCF7867245C793D00E32BFD /* Debug */ = {
			isa = XCBuildConfiguration;
			buildSettings = {
				ALWAYS_SEARCH_USER_PATHS = NO;
				CLANG_ANALYZER_LOCALIZABILITY_NONLOCALIZED = YES;
				CLANG_ANALYZER_NONNULL = YES;
				CLANG_ANALYZER_NUMBER_OBJECT_CONVERSION = YES_AGGRESSIVE;
				CLANG_CXX_LANGUAGE_STANDARD = "gnu++14";
				CLANG_CXX_LIBRARY = "libc++";
				CLANG_ENABLE_MODULES = YES;
				CLANG_ENABLE_OBJC_ARC = YES;
				CLANG_ENABLE_OBJC_WEAK = YES;
				CLANG_WARN_BLOCK_CAPTURE_AUTORELEASING = YES;
				CLANG_WARN_BOOL_CONVERSION = YES;
				CLANG_WARN_COMMA = YES;
				CLANG_WARN_CONSTANT_CONVERSION = YES;
				CLANG_WARN_DEPRECATED_OBJC_IMPLEMENTATIONS = YES;
				CLANG_WARN_DIRECT_OBJC_ISA_USAGE = YES_ERROR;
				CLANG_WARN_DOCUMENTATION_COMMENTS = YES;
				CLANG_WARN_EMPTY_BODY = YES;
				CLANG_WARN_ENUM_CONVERSION = YES;
				CLANG_WARN_INFINITE_RECURSION = YES;
				CLANG_WARN_INT_CONVERSION = YES;
				CLANG_WARN_NON_LITERAL_NULL_CONVERSION = YES;
				CLANG_WARN_OBJC_IMPLICIT_RETAIN_SELF = YES;
				CLANG_WARN_OBJC_LITERAL_CONVERSION = YES;
				CLANG_WARN_OBJC_ROOT_CLASS = YES_ERROR;
				CLANG_WARN_RANGE_LOOP_ANALYSIS = YES;
				CLANG_WARN_STRICT_PROTOTYPES = YES;
				CLANG_WARN_SUSPICIOUS_MOVE = YES;
				CLANG_WARN_UNGUARDED_AVAILABILITY = YES_AGGRESSIVE;
				CLANG_WARN_UNREACHABLE_CODE = YES;
				CLANG_WARN__DUPLICATE_METHOD_MATCH = YES;
				COPY_PHASE_STRIP = NO;
				DEBUG_INFORMATION_FORMAT = dwarf;
				ENABLE_STRICT_OBJC_MSGSEND = YES;
				ENABLE_TESTABILITY = YES;
				GCC_C_LANGUAGE_STANDARD = gnu11;
				GCC_DYNAMIC_NO_PIC = NO;
				GCC_NO_COMMON_BLOCKS = YES;
				GCC_OPTIMIZATION_LEVEL = 0;
				GCC_PREPROCESSOR_DEFINITIONS = (
					"DEBUG=1",
					"$(inherited)",
				);
				GCC_WARN_64_TO_32_BIT_CONVERSION = YES;
				GCC_WARN_ABOUT_RETURN_TYPE = YES_ERROR;
				GCC_WARN_UNDECLARED_SELECTOR = YES;
				GCC_WARN_UNINITIALIZED_AUTOS = YES_AGGRESSIVE;
				GCC_WARN_UNUSED_FUNCTION = YES;
				GCC_WARN_UNUSED_VARIABLE = YES;
				IPHONEOS_DEPLOYMENT_TARGET = 13.0;
				MTL_ENABLE_DEBUG_INFO = INCLUDE_SOURCE;
				MTL_FAST_MATH = YES;
				ONLY_ACTIVE_ARCH = YES;
				SDKROOT = iphoneos;
				SWIFT_ACTIVE_COMPILATION_CONDITIONS = DEBUG;
				SWIFT_OPTIMIZATION_LEVEL = "-Onone";
			};
			name = Debug;
		};
		EFCF7868245C793D00E32BFD /* Release */ = {
			isa = XCBuildConfiguration;
			buildSettings = {
				ALWAYS_SEARCH_USER_PATHS = NO;
				CLANG_ANALYZER_LOCALIZABILITY_NONLOCALIZED = YES;
				CLANG_ANALYZER_NONNULL = YES;
				CLANG_ANALYZER_NUMBER_OBJECT_CONVERSION = YES_AGGRESSIVE;
				CLANG_CXX_LANGUAGE_STANDARD = "gnu++14";
				CLANG_CXX_LIBRARY = "libc++";
				CLANG_ENABLE_MODULES = YES;
				CLANG_ENABLE_OBJC_ARC = YES;
				CLANG_ENABLE_OBJC_WEAK = YES;
				CLANG_WARN_BLOCK_CAPTURE_AUTORELEASING = YES;
				CLANG_WARN_BOOL_CONVERSION = YES;
				CLANG_WARN_COMMA = YES;
				CLANG_WARN_CONSTANT_CONVERSION = YES;
				CLANG_WARN_DEPRECATED_OBJC_IMPLEMENTATIONS = YES;
				CLANG_WARN_DIRECT_OBJC_ISA_USAGE = YES_ERROR;
				CLANG_WARN_DOCUMENTATION_COMMENTS = YES;
				CLANG_WARN_EMPTY_BODY = YES;
				CLANG_WARN_ENUM_CONVERSION = YES;
				CLANG_WARN_INFINITE_RECURSION = YES;
				CLANG_WARN_INT_CONVERSION = YES;
				CLANG_WARN_NON_LITERAL_NULL_CONVERSION = YES;
				CLANG_WARN_OBJC_IMPLICIT_RETAIN_SELF = YES;
				CLANG_WARN_OBJC_LITERAL_CONVERSION = YES;
				CLANG_WARN_OBJC_ROOT_CLASS = YES_ERROR;
				CLANG_WARN_RANGE_LOOP_ANALYSIS = YES;
				CLANG_WARN_STRICT_PROTOTYPES = YES;
				CLANG_WARN_SUSPICIOUS_MOVE = YES;
				CLANG_WARN_UNGUARDED_AVAILABILITY = YES_AGGRESSIVE;
				CLANG_WARN_UNREACHABLE_CODE = YES;
				CLANG_WARN__DUPLICATE_METHOD_MATCH = YES;
				COPY_PHASE_STRIP = NO;
				DEBUG_INFORMATION_FORMAT = "dwarf-with-dsym";
				ENABLE_NS_ASSERTIONS = NO;
				ENABLE_STRICT_OBJC_MSGSEND = YES;
				GCC_C_LANGUAGE_STANDARD = gnu11;
				GCC_NO_COMMON_BLOCKS = YES;
				GCC_WARN_64_TO_32_BIT_CONVERSION = YES;
				GCC_WARN_ABOUT_RETURN_TYPE = YES_ERROR;
				GCC_WARN_UNDECLARED_SELECTOR = YES;
				GCC_WARN_UNINITIALIZED_AUTOS = YES_AGGRESSIVE;
				GCC_WARN_UNUSED_FUNCTION = YES;
				GCC_WARN_UNUSED_VARIABLE = YES;
				IPHONEOS_DEPLOYMENT_TARGET = 13.0;
				MTL_ENABLE_DEBUG_INFO = NO;
				MTL_FAST_MATH = YES;
				SDKROOT = iphoneos;
				SWIFT_COMPILATION_MODE = wholemodule;
				SWIFT_OPTIMIZATION_LEVEL = "-O";
				VALIDATE_PRODUCT = YES;
			};
			name = Release;
		};
		EFCF786A245C793D00E32BFD /* Debug */ = {
			isa = XCBuildConfiguration;
			baseConfigurationReference = 4A7D9F5A6E1958F3889F512E /* Pods-KuranFihristi.debug.xcconfig */;
			buildSettings = {
				ASSETCATALOG_COMPILER_APPICON_NAME = AppIcon;
				CODE_SIGN_STYLE = Automatic;
				DEVELOPMENT_TEAM = 5A6FTQ6LD4;
				INFOPLIST_FILE = KuranFihristi/Info.plist;
				LD_RUNPATH_SEARCH_PATHS = (
					"$(inherited)",
					"@executable_path/Frameworks",
				);
				PRODUCT_BUNDLE_IDENTIFIER = com.fihrist.heca.QuranFihristi;
				PRODUCT_NAME = "$(TARGET_NAME)";
				SWIFT_VERSION = 5.0;
				TARGETED_DEVICE_FAMILY = "1,2";
			};
			name = Debug;
		};
		EFCF786B245C793D00E32BFD /* Release */ = {
			isa = XCBuildConfiguration;
			baseConfigurationReference = 30A79D3CC281F1D60F151ECD /* Pods-KuranFihristi.release.xcconfig */;
			buildSettings = {
				ASSETCATALOG_COMPILER_APPICON_NAME = AppIcon;
				CODE_SIGN_STYLE = Automatic;
				DEVELOPMENT_TEAM = 5A6FTQ6LD4;
				INFOPLIST_FILE = KuranFihristi/Info.plist;
				LD_RUNPATH_SEARCH_PATHS = (
					"$(inherited)",
					"@executable_path/Frameworks",
				);
				PRODUCT_BUNDLE_IDENTIFIER = com.fihrist.heca.QuranFihristi;
				PRODUCT_NAME = "$(TARGET_NAME)";
				SWIFT_VERSION = 5.0;
				TARGETED_DEVICE_FAMILY = "1,2";
			};
			name = Release;
		};
		EFCF786D245C793D00E32BFD /* Debug */ = {
			isa = XCBuildConfiguration;
			baseConfigurationReference = 9CB9C092E8CC29191DD4B5C4 /* Pods-KuranFihristiTests.debug.xcconfig */;
			buildSettings = {
				ALWAYS_EMBED_SWIFT_STANDARD_LIBRARIES = YES;
				BUNDLE_LOADER = "$(TEST_HOST)";
				CODE_SIGN_STYLE = Automatic;
				DEVELOPMENT_TEAM = 5A6FTQ6LD4;
				INFOPLIST_FILE = KuranFihristiTests/Info.plist;
				IPHONEOS_DEPLOYMENT_TARGET = 13.0;
				LD_RUNPATH_SEARCH_PATHS = (
					"$(inherited)",
					"@executable_path/Frameworks",
					"@loader_path/Frameworks",
				);
				PRODUCT_BUNDLE_IDENTIFIER = com.fihrist.app.KuranFihristiTests;
				PRODUCT_NAME = "$(TARGET_NAME)";
				SWIFT_VERSION = 5.0;
				TARGETED_DEVICE_FAMILY = "1,2";
				TEST_HOST = "$(BUILT_PRODUCTS_DIR)/KuranFihristi.app/KuranFihristi";
			};
			name = Debug;
		};
		EFCF786E245C793D00E32BFD /* Release */ = {
			isa = XCBuildConfiguration;
			baseConfigurationReference = 0FE07B76299FC6837A196FE4 /* Pods-KuranFihristiTests.release.xcconfig */;
			buildSettings = {
				ALWAYS_EMBED_SWIFT_STANDARD_LIBRARIES = YES;
				BUNDLE_LOADER = "$(TEST_HOST)";
				CODE_SIGN_STYLE = Automatic;
				DEVELOPMENT_TEAM = 5A6FTQ6LD4;
				INFOPLIST_FILE = KuranFihristiTests/Info.plist;
				IPHONEOS_DEPLOYMENT_TARGET = 13.0;
				LD_RUNPATH_SEARCH_PATHS = (
					"$(inherited)",
					"@executable_path/Frameworks",
					"@loader_path/Frameworks",
				);
				PRODUCT_BUNDLE_IDENTIFIER = com.fihrist.app.KuranFihristiTests;
				PRODUCT_NAME = "$(TARGET_NAME)";
				SWIFT_VERSION = 5.0;
				TARGETED_DEVICE_FAMILY = "1,2";
				TEST_HOST = "$(BUILT_PRODUCTS_DIR)/KuranFihristi.app/KuranFihristi";
			};
			name = Release;
		};
		EFCF7870245C793D00E32BFD /* Debug */ = {
			isa = XCBuildConfiguration;
			baseConfigurationReference = DBE8A78B4FBC954CED1BDBB3 /* Pods-KuranFihristi-KuranFihristiUITests.debug.xcconfig */;
			buildSettings = {
				ALWAYS_EMBED_SWIFT_STANDARD_LIBRARIES = YES;
				CODE_SIGN_STYLE = Automatic;
				DEVELOPMENT_TEAM = 5A6FTQ6LD4;
				INFOPLIST_FILE = KuranFihristiUITests/Info.plist;
				LD_RUNPATH_SEARCH_PATHS = (
					"$(inherited)",
					"@executable_path/Frameworks",
					"@loader_path/Frameworks",
				);
				PRODUCT_BUNDLE_IDENTIFIER = com.fihrist.app.KuranFihristiUITests;
				PRODUCT_NAME = "$(TARGET_NAME)";
				SWIFT_VERSION = 5.0;
				TARGETED_DEVICE_FAMILY = "1,2";
				TEST_TARGET_NAME = KuranFihristi;
			};
			name = Debug;
		};
		EFCF7871245C793D00E32BFD /* Release */ = {
			isa = XCBuildConfiguration;
			baseConfigurationReference = 1F3DD517E34BF5C876B842BD /* Pods-KuranFihristi-KuranFihristiUITests.release.xcconfig */;
			buildSettings = {
				ALWAYS_EMBED_SWIFT_STANDARD_LIBRARIES = YES;
				CODE_SIGN_STYLE = Automatic;
				DEVELOPMENT_TEAM = 5A6FTQ6LD4;
				INFOPLIST_FILE = KuranFihristiUITests/Info.plist;
				LD_RUNPATH_SEARCH_PATHS = (
					"$(inherited)",
					"@executable_path/Frameworks",
					"@loader_path/Frameworks",
				);
				PRODUCT_BUNDLE_IDENTIFIER = com.fihrist.app.KuranFihristiUITests;
				PRODUCT_NAME = "$(TARGET_NAME)";
				SWIFT_VERSION = 5.0;
				TARGETED_DEVICE_FAMILY = "1,2";
				TEST_TARGET_NAME = KuranFihristi;
			};
			name = Release;
		};
/* End XCBuildConfiguration section */

/* Begin XCConfigurationList section */
		EFCF7835245C793A00E32BFD /* Build configuration list for PBXProject "KuranFihristi" */ = {
			isa = XCConfigurationList;
			buildConfigurations = (
				EFCF7867245C793D00E32BFD /* Debug */,
				EFCF7868245C793D00E32BFD /* Release */,
			);
			defaultConfigurationIsVisible = 0;
			defaultConfigurationName = Release;
		};
		EFCF7869245C793D00E32BFD /* Build configuration list for PBXNativeTarget "KuranFihristi" */ = {
			isa = XCConfigurationList;
			buildConfigurations = (
				EFCF786A245C793D00E32BFD /* Debug */,
				EFCF786B245C793D00E32BFD /* Release */,
			);
			defaultConfigurationIsVisible = 0;
			defaultConfigurationName = Release;
		};
		EFCF786C245C793D00E32BFD /* Build configuration list for PBXNativeTarget "KuranFihristiTests" */ = {
			isa = XCConfigurationList;
			buildConfigurations = (
				EFCF786D245C793D00E32BFD /* Debug */,
				EFCF786E245C793D00E32BFD /* Release */,
			);
			defaultConfigurationIsVisible = 0;
			defaultConfigurationName = Release;
		};
		EFCF786F245C793D00E32BFD /* Build configuration list for PBXNativeTarget "KuranFihristiUITests" */ = {
			isa = XCConfigurationList;
			buildConfigurations = (
				EFCF7870245C793D00E32BFD /* Debug */,
				EFCF7871245C793D00E32BFD /* Release */,
			);
			defaultConfigurationIsVisible = 0;
			defaultConfigurationName = Release;
		};
/* End XCConfigurationList section */

/* Begin XCVersionGroup section */
		EFCF7848245C793A00E32BFD /* KuranFihristi.xcdatamodeld */ = {
			isa = XCVersionGroup;
			children = (
				EFCF7849245C793A00E32BFD /* KuranFihristi.xcdatamodel */,
			);
			currentVersion = EFCF7849245C793A00E32BFD /* KuranFihristi.xcdatamodel */;
			path = KuranFihristi.xcdatamodeld;
			sourceTree = "<group>";
			versionGroupType = wrapper.xcdatamodel;
		};
/* End XCVersionGroup section */
	};
	rootObject = EFCF7832245C793A00E32BFD /* Project object */;
}
